
Microsoft Visual Studio Solution File, Format Version 12.00
# Visual Studio Express 2013 for Windows Desktop
VisualStudioVersion = 12.0.21005.1
MinimumVisualStudioVersion = 10.0.40219.1
Project("{F184B08F-C81C-45F6-A57F-5ABD9991F28F}") = "Click2Mail", "Click2Mail\Click2Mail.vbproj", "{55EAE154-B244-4276-8B10-C91DE8B1899B}"
EndProject
Project("{F184B08F-C81C-45F6-A57F-5ABD9991F28F}") = "Click2MailLauncher", "Click2MailLauncher\Click2MailLauncher.vbproj", "{6CC1A144-D574-4AD6-8709-6F43025246C7}"
EndProject
Global
	GlobalSection(SolutionConfigurationPlatforms) = preSolution
		Debug|Any CPU = Debug|Any CPU
		Release|Any CPU = Release|Any CPU
	EndGlobalSection
	GlobalSection(ProjectConfigurationPlatforms) = postSolution
		{55EAE154-B244-4276-8B10-C91DE8B1899B}.Debug|Any CPU.ActiveCfg = Debug|Any CPU
		{55EAE154-B244-4276-8B10-C91DE8B1899B}.Debug|Any CPU.Build.0 = Debug|Any CPU
		{55EAE154-B244-4276-8B10-C91DE8B1899B}.Release|Any CPU.ActiveCfg = Release|Any CPU
		{55EAE154-B244-4276-8B10-C91DE8B1899B}.Release|Any CPU.Build.0 = Release|Any CPU
		{6CC1A144-D574-4AD6-8709-6F43025246C7}.Debug|Any CPU.ActiveCfg = Debug|Any CPU
		{6CC1A144-D574-4AD6-8709-6F43025246C7}.Debug|Any CPU.Build.0 = Debug|Any CPU
		{6CC1A144-D574-4AD6-8709-6F43025246C7}.Release|Any CPU.ActiveCfg = Release|Any CPU
		{6CC1A144-D574-4AD6-8709-6F43025246C7}.Release|Any CPU.Build.0 = Release|Any CPU
	EndGlobalSection
	GlobalSection(SolutionProperties) = preSolution
		HideSolutionNode = FALSE
	EndGlobalSection
EndGlobal
